
Microsoft Visual Studio Solution File, Format Version 12.00
# Visual Studio Version 17
VisualStudioVersion = 17.4.33110.190
MinimumVisualStudioVersion = 10.0.40219.1
Project("{FAE04EC0-301F-11D3-BF4B-00C04F79EFBC}") = "ToyStore", "ToyStore\ToyStore.csproj", "{EEB798F5-D0BA-4552-A971-6B2EAA9F97B7}"
EndProject
Global
	GlobalSection(SolutionConfigurationPlatforms) = preSolution
		Debug|Any CPU = Debug|Any CPU
		Release|Any CPU = Release|Any CPU
	EndGlobalSection
	GlobalSection(ProjectConfigurationPlatforms) = postSolution
		{EEB798F5-D0BA-4552-A971-6B2EAA9F97B7}.Debug|Any CPU.ActiveCfg = Debug|Any CPU
		{EEB798F5-D0BA-4552-A971-6B2EAA9F97B7}.Debug|Any CPU.Build.0 = Debug|Any CPU
		{EEB798F5-D0BA-4552-A971-6B2EAA9F97B7}.Release|Any CPU.ActiveCfg = Release|Any CPU
		{EEB798F5-D0BA-4552-A971-6B2EAA9F97B7}.Release|Any CPU.Build.0 = Release|Any CPU
	EndGlobalSection
	GlobalSection(SolutionProperties) = preSolution
		HideSolutionNode = FALSE
	EndGlobalSection
	GlobalSection(ExtensibilityGlobals) = postSolution
		SolutionGuid = {BC498919-BD4F-4824-A0E1-44F9EB3F6A6C}
	EndGlobalSection
EndGlobal
